
Microsoft Visual Studio Solution File, Format Version 12.00
# Visual Studio 15
VisualStudioVersion = 15.0.28307.572
MinimumVisualStudioVersion = 10.0.40219.1
Project("{9A19103F-16F7-4668-BE54-9A1E7A4F7556}") = "NCP.DataAccessLayer", "NCP.DataAccessLayer\NCP.DataAccessLayer.csproj", "{177C64BA-DC7B-4A73-915D-D4EEF9178ACD}"
EndProject
Project("{9A19103F-16F7-4668-BE54-9A1E7A4F7556}") = "NCP.Model", "NCP.Model\NCP.Model.csproj", "{CAF9D8F0-B9D9-4CE7-971B-233A581867F8}"
EndProject
Project("{9A19103F-16F7-4668-BE54-9A1E7A4F7556}") = "NCP.Business", "NCP.Business\NCP.Business.csproj", "{72211BAF-FBF1-4AA2-B9FF-DE26CD52384C}"
EndProject
Project("{FAE04EC0-301F-11D3-BF4B-00C04F79EFBC}") = "NCP.WebUI", "NCP.WebUI\NCP.WebUI.csproj", "{E0E445EE-D61E-441A-8A40-7E8686677C84}"
EndProject
Global
	GlobalSection(SolutionConfigurationPlatforms) = preSolution
		Debug|Any CPU = Debug|Any CPU
		Release|Any CPU = Release|Any CPU
	EndGlobalSection
	GlobalSection(ProjectConfigurationPlatforms) = postSolution
		{177C64BA-DC7B-4A73-915D-D4EEF9178ACD}.Debug|Any CPU.ActiveCfg = Debug|Any CPU
		{177C64BA-DC7B-4A73-915D-D4EEF9178ACD}.Debug|Any CPU.Build.0 = Debug|Any CPU
		{177C64BA-DC7B-4A73-915D-D4EEF9178ACD}.Release|Any CPU.ActiveCfg = Release|Any CPU
		{177C64BA-DC7B-4A73-915D-D4EEF9178ACD}.Release|Any CPU.Build.0 = Release|Any CPU
		{CAF9D8F0-B9D9-4CE7-971B-233A581867F8}.Debug|Any CPU.ActiveCfg = Debug|Any CPU
		{CAF9D8F0-B9D9-4CE7-971B-233A581867F8}.Debug|Any CPU.Build.0 = Debug|Any CPU
		{CAF9D8F0-B9D9-4CE7-971B-233A581867F8}.Release|Any CPU.ActiveCfg = Release|Any CPU
		{CAF9D8F0-B9D9-4CE7-971B-233A581867F8}.Release|Any CPU.Build.0 = Release|Any CPU
		{72211BAF-FBF1-4AA2-B9FF-DE26CD52384C}.Debug|Any CPU.ActiveCfg = Debug|Any CPU
		{72211BAF-FBF1-4AA2-B9FF-DE26CD52384C}.Debug|Any CPU.Build.0 = Debug|Any CPU
		{72211BAF-FBF1-4AA2-B9FF-DE26CD52384C}.Release|Any CPU.ActiveCfg = Release|Any CPU
		{72211BAF-FBF1-4AA2-B9FF-DE26CD52384C}.Release|Any CPU.Build.0 = Release|Any CPU
		{E0E445EE-D61E-441A-8A40-7E8686677C84}.Debug|Any CPU.ActiveCfg = Debug|Any CPU
		{E0E445EE-D61E-441A-8A40-7E8686677C84}.Debug|Any CPU.Build.0 = Debug|Any CPU
		{E0E445EE-D61E-441A-8A40-7E8686677C84}.Release|Any CPU.ActiveCfg = Release|Any CPU
		{E0E445EE-D61E-441A-8A40-7E8686677C84}.Release|Any CPU.Build.0 = Release|Any CPU
	EndGlobalSection
	GlobalSection(SolutionProperties) = preSolution
		HideSolutionNode = FALSE
	EndGlobalSection
	GlobalSection(ExtensibilityGlobals) = postSolution
		SolutionGuid = {6DB2CB5C-021E-4C63-8B99-C5BF3BF791DB}
	EndGlobalSection
EndGlobal
